
Microsoft Visual Studio Solution File, Format Version 12.00
# Visual Studio Version 16
VisualStudioVersion = 16.0.30717.126
MinimumVisualStudioVersion = 10.0.40219.1
Project("{888888A0-9F3D-457C-B088-3A5042F75D52}") = "钟表", "钟表.pyproj", "{1477E942-9886-411F-BA1F-66CDF06C0733}"
EndProject
Global
	GlobalSection(SolutionConfigurationPlatforms) = preSolution
		Debug|Any CPU = Debug|Any CPU
		Release|Any CPU = Release|Any CPU
	EndGlobalSection
	GlobalSection(ProjectConfigurationPlatforms) = postSolution
		{1477E942-9886-411F-BA1F-66CDF06C0733}.Debug|Any CPU.ActiveCfg = Debug|Any CPU
		{1477E942-9886-411F-BA1F-66CDF06C0733}.Release|Any CPU.ActiveCfg = Release|Any CPU
	EndGlobalSection
	GlobalSection(SolutionProperties) = preSolution
		HideSolutionNode = FALSE
	EndGlobalSection
	GlobalSection(ExtensibilityGlobals) = postSolution
		SolutionGuid = {1FC4B619-C32E-48D9-857A-DEB86ACBACC5}
	EndGlobalSection
EndGlobal
